
Microsoft Visual Studio Solution File, Format Version 12.00
# Visual Studio 15
VisualStudioVersion = 15.0.28307.1062
MinimumVisualStudioVersion = 10.0.40219.1
Project("{FAE04EC0-301F-11D3-BF4B-00C04F79EFBC}") = "Merge", "Merge\Merge.csproj", "{940AB6DD-79FD-4798-942E-625F457BC95A}"
EndProject
Global
	GlobalSection(SolutionConfigurationPlatforms) = preSolution
		Debug|Any CPU = Debug|Any CPU
		Release|Any CPU = Release|Any CPU
	EndGlobalSection
	GlobalSection(ProjectConfigurationPlatforms) = postSolution
		{940AB6DD-79FD-4798-942E-625F457BC95A}.Debug|Any CPU.ActiveCfg = Debug|Any CPU
		{940AB6DD-79FD-4798-942E-625F457BC95A}.Debug|Any CPU.Build.0 = Debug|Any CPU
		{940AB6DD-79FD-4798-942E-625F457BC95A}.Release|Any CPU.ActiveCfg = Release|Any CPU
		{940AB6DD-79FD-4798-942E-625F457BC95A}.Release|Any CPU.Build.0 = Release|Any CPU
	EndGlobalSection
	GlobalSection(SolutionProperties) = preSolution
		HideSolutionNode = FALSE
	EndGlobalSection
	GlobalSection(ExtensibilityGlobals) = postSolution
		SolutionGuid = {E0D0EA54-47E3-4056-BBD1-EA1D06A92A3A}
	EndGlobalSection
EndGlobal
